
Microsoft Visual Studio Solution File, Format Version 12.00
# Visual Studio Version 17
VisualStudioVersion = 17.7.34202.233
MinimumVisualStudioVersion = 10.0.40219.1
Project("{FAE04EC0-301F-11D3-BF4B-00C04F79EFBC}") = "exPort", "exPort.csproj", "{B0B0FDC5-0CA2-46B7-B4DD-99645E30A964}"
EndProject
Global
	GlobalSection(SolutionConfigurationPlatforms) = preSolution
		Debug|Any CPU = Debug|Any CPU
		Release|Any CPU = Release|Any CPU
	EndGlobalSection
	GlobalSection(ProjectConfigurationPlatforms) = postSolution
		{B0B0FDC5-0CA2-46B7-B4DD-99645E30A964}.Debug|Any CPU.ActiveCfg = Debug|Any CPU
		{B0B0FDC5-0CA2-46B7-B4DD-99645E30A964}.Debug|Any CPU.Build.0 = Debug|Any CPU
		{B0B0FDC5-0CA2-46B7-B4DD-99645E30A964}.Release|Any CPU.ActiveCfg = Release|Any CPU
		{B0B0FDC5-0CA2-46B7-B4DD-99645E30A964}.Release|Any CPU.Build.0 = Release|Any CPU
	EndGlobalSection
	GlobalSection(SolutionProperties) = preSolution
		HideSolutionNode = FALSE
	EndGlobalSection
	GlobalSection(ExtensibilityGlobals) = postSolution
		SolutionGuid = {3A48B139-BB7F-4662-BAD7-25C8ACC7BAAC}
	EndGlobalSection
EndGlobal
